
Microsoft Visual Studio Solution File, Format Version 12.00
# Visual Studio 15
VisualStudioVersion = 15.0.28010.2016
MinimumVisualStudioVersion = 10.0.40219.1
Project("{8BC9CEB8-8B4A-11D0-8D11-00A0C91BC942}") = "Assignment3", "Assignment3\Assignment3.vcxproj", "{5A25127D-0BBF-40CD-A870-EBE6BB91B7FC}"
EndProject
Global
	GlobalSection(SolutionConfigurationPlatforms) = preSolution
		Debug|x64 = Debug|x64
		Debug|x86 = Debug|x86
		Release|x64 = Release|x64
		Release|x86 = Release|x86
	EndGlobalSection
	GlobalSection(ProjectConfigurationPlatforms) = postSolution
		{5A25127D-0BBF-40CD-A870-EBE6BB91B7FC}.Debug|x64.ActiveCfg = Debug|x64
		{5A25127D-0BBF-40CD-A870-EBE6BB91B7FC}.Debug|x64.Build.0 = Debug|x64
		{5A25127D-0BBF-40CD-A870-EBE6BB91B7FC}.Debug|x86.ActiveCfg = Debug|Win32
		{5A25127D-0BBF-40CD-A870-EBE6BB91B7FC}.Debug|x86.Build.0 = Debug|Win32
		{5A25127D-0BBF-40CD-A870-EBE6BB91B7FC}.Release|x64.ActiveCfg = Release|x64
		{5A25127D-0BBF-40CD-A870-EBE6BB91B7FC}.Release|x64.Build.0 = Release|x64
		{5A25127D-0BBF-40CD-A870-EBE6BB91B7FC}.Release|x86.ActiveCfg = Release|Win32
		{5A25127D-0BBF-40CD-A870-EBE6BB91B7FC}.Release|x86.Build.0 = Release|Win32
	EndGlobalSection
	GlobalSection(SolutionProperties) = preSolution
		HideSolutionNode = FALSE
	EndGlobalSection
	GlobalSection(ExtensibilityGlobals) = postSolution
		SolutionGuid = {7CFA033B-52D1-4318-A42C-7E7B2E815F0B}
	EndGlobalSection
EndGlobal
